
Microsoft Visual Studio Solution File, Format Version 12.00
# Visual Studio Version 16
VisualStudioVersion = 16.0.34031.81
MinimumVisualStudioVersion = 10.0.40219.1
Project("{FAE04EC0-301F-11D3-BF4B-00C04F79EFBC}") = "bt01", "bt01\bt01.csproj", "{5E5C3AEB-AE84-4B0B-ADF0-E6D34EBF836E}"
EndProject
Project("{FAE04EC0-301F-11D3-BF4B-00C04F79EFBC}") = "BT02", "BT02\BT02.csproj", "{F64B40C8-1DBB-45E5-B570-1CF7E997CFC7}"
EndProject
Global
	GlobalSection(SolutionConfigurationPlatforms) = preSolution
		Debug|Any CPU = Debug|Any CPU
		Release|Any CPU = Release|Any CPU
	EndGlobalSection
	GlobalSection(ProjectConfigurationPlatforms) = postSolution
		{5E5C3AEB-AE84-4B0B-ADF0-E6D34EBF836E}.Debug|Any CPU.ActiveCfg = Debug|Any CPU
		{5E5C3AEB-AE84-4B0B-ADF0-E6D34EBF836E}.Debug|Any CPU.Build.0 = Debug|Any CPU
		{5E5C3AEB-AE84-4B0B-ADF0-E6D34EBF836E}.Release|Any CPU.ActiveCfg = Release|Any CPU
		{5E5C3AEB-AE84-4B0B-ADF0-E6D34EBF836E}.Release|Any CPU.Build.0 = Release|Any CPU
		{F64B40C8-1DBB-45E5-B570-1CF7E997CFC7}.Debug|Any CPU.ActiveCfg = Debug|Any CPU
		{F64B40C8-1DBB-45E5-B570-1CF7E997CFC7}.Debug|Any CPU.Build.0 = Debug|Any CPU
		{F64B40C8-1DBB-45E5-B570-1CF7E997CFC7}.Release|Any CPU.ActiveCfg = Release|Any CPU
		{F64B40C8-1DBB-45E5-B570-1CF7E997CFC7}.Release|Any CPU.Build.0 = Release|Any CPU
	EndGlobalSection
	GlobalSection(SolutionProperties) = preSolution
		HideSolutionNode = FALSE
	EndGlobalSection
	GlobalSection(ExtensibilityGlobals) = postSolution
		SolutionGuid = {3E36E49C-773D-4037-8B4C-8D0B89153E37}
	EndGlobalSection
EndGlobal
